{
  "name": "mark-theme-assets",
  "lockfileVersion": 3,
  "requires": true,
  "packages": {
    "": {
      "name": "mark-theme-assets",
      "dependencies": {
        "@shikijs/themes": "4.4.3",
        "github-vscode-themes": "6.3.4"
      },
      "engines": {
        "node": ">=20"
      }
    },
    "node_modules/@shikijs/themes": {
      "version": "4.4.3",
      "resolved": "https://registry.npmjs.org/@shikijs/themes/-/themes-4.4.3.tgz",
      "integrity": "sha512-w8UHjeUnIR965KMWJHUPXOc2mNJUnK3vpVLYLvw5IYU2mnTTJ89E24OrJDBNiJDQ0qzb0tc4l7mrIXx5cFeIyw==",
      "license": "MIT",
      "dependencies": {
        "@shikijs/types": "4.4.3"
      },
      "engines": {
        "node": ">=20"
      }
    },
    "node_modules/@shikijs/types": {
      "version": "4.4.3",
      "resolved": "https://registry.npmjs.org/@shikijs/types/-/types-4.4.3.tgz",
      "integrity": "sha512-UEJxmRR++MAGR6hugn0vgVS2W/6lWAts84FFSrnlH9sP0LNol7E5+NQ792pH8liWUhyMyjhTgSUH3k7iD7tc5g==",
      "license": "MIT",
      "dependencies": {
        "@shikijs/vscode-textmate": "^10.0.2",
        "@types/hast": "^3.0.5"
      },
      "engines": {
        "node": ">=20"
      }
    },
    "node_modules/@shikijs/vscode-textmate": {
      "version": "10.0.2",
      "resolved": "https://registry.npmjs.org/@shikijs/vscode-textmate/-/vscode-textmate-10.0.2.tgz",
      "integrity": "sha512-83yeghZ2xxin3Nj8z1NMd/NCuca+gsYXswywDy5bHvwlWL8tpTQmzGeUuHd9FC3E/SBEMvzJRwWEOz5gGes9Qg==",
      "license": "MIT"
    },
    "node_modules/@types/hast": {
      "version": "3.0.5",
      "resolved": "https://registry.npmjs.org/@types/hast/-/hast-3.0.5.tgz",
      "integrity": "sha512-rp/ezSWaD1m44dPKICGhiskI13nVr7qTloFwDa/IYkhhf5nzwP+zIQcIJh3WIFSBOy/H1PzB40jPjMDksN4F+g==",
      "license": "MIT",
      "dependencies": {
        "@types/unist": "*"
      }
    },
    "node_modules/@types/unist": {
      "version": "3.0.3",
      "resolved": "https://registry.npmjs.org/@types/unist/-/unist-3.0.3.tgz",
      "integrity": "sha512-ko/gIFJRv177XgZsZcBwnqJN5x/Gien8qNOn0D5bQU/zAzVf9Zt3BlcUiLqhV9y4ARk0GbT3tnUiPNgnTXzc/Q==",
      "license": "MIT"
    },
    "node_modules/github-vscode-themes": {
      "version": "6.3.4",
      "resolved": "https://registry.npmjs.org/github-vscode-themes/-/github-vscode-themes-6.3.4.tgz",
      "integrity": "sha512-yd9zUf7E8PfcuJYIk38J3HArhZaVT+dixg4/3H9q8eE3Uhe4dW6iChUvV34q0qOA8bz9RR/5/wWlv344cfwGEA==",
      "license": "MIT"
    }
  }
}
